schema: '2.0'
stages:
  load_data:
    cmd: python src/load_data.py
    deps:
    - path: src/load_data.py
      md5: c5787b0916e011ea4a83c7d461325188
      size: 240
    outs:
    - path: output/data.pkl
      md5: 35353c71da0985eed8bb507bbc53bd91
      size: 54950285
  train:
    cmd: python src/train.py
    deps:
    - path: output/data.pkl
      md5: 35353c71da0985eed8bb507bbc53bd91
      size: 54950285
    - path: src/train.py
      md5: 1d62fd6979e170bff1c748dd0c419270
      size: 2313
    params:
      params.yaml:
        train.batch_size: 128
        train.dropout: 0.4
        train.hidden_units: 64
        train.lr: 0.01
        train.num_epochs: 2
    outs:
    - path: output/model.h5
      md5: 00fff5ef0ccb4eea384acbc12bd746d5
      size: 637888
    - path: output/train/train_accuracy.csv
      md5: 170ce616e82123691b4a371a17540929
      size: 57
    - path: output/train/train_loss.csv
      md5: 4b2338e5cfb124efc720eb118b090e7b
      size: 53
  evaluate:
    cmd: python src/evaluate.py
    deps:
    - path: output/data.pkl
      md5: 35353c71da0985eed8bb507bbc53bd91
      size: 54950285
    - path: output/model.h5
      md5: 00fff5ef0ccb4eea384acbc12bd746d5
      size: 637888
    - path: src/evaluate.py
      md5: 7fe046d38f10e4206dc37de2d49ad395
      size: 3243
    outs:
    - path: output/metrics.json
      md5: 433e3d3e9058307796c23498f35097f9
      size: 59
    - path: output/test/predictions.json
      md5: 99bba85464505d435ca5b9072a55baad
      size: 310000
    - path: output/test/samples_of_mispredicted_images/
      md5: 1af69333a370ee4a62d35b220f89e64b.dir
      size: 171861
      nfiles: 10
